PODS:
  - ReactiveCocoa (2.3.1):
    - ReactiveCocoa/UI
  - ReactiveCocoa/Core (2.3.1):
    - ReactiveCocoa/no-arc
  - ReactiveCocoa/no-arc (2.3.1)
  - ReactiveCocoa/UI (2.3.1):
    - ReactiveCocoa/Core
  - SBLReactiveLocation (0.1.0):
    - ReactiveCocoa (~> 2.3.1)

DEPENDENCIES:
  - SBLReactiveLocation (from `../`)

EXTERNAL SOURCES:
  SBLReactiveLocation:
    :path: ../

SPEC CHECKSUMS:
  ReactiveCocoa: dca75777b9d18990c8714a3a6f2149f29b4d1462
  SBLReactiveLocation: b70e309d5a8bb5e67b0a804028af90de9672ba6f

COCOAPODS: 0.33.1
